
Microsoft Visual Studio Solution File, Format Version 12.00
# Visual Studio Version 16
VisualStudioVersion = 16.0.32126.315
MinimumVisualStudioVersion = 10.0.40219.1
Project("{FAE04EC0-301F-11D3-BF4B-00C04F79EFBC}") = "Kivipaperisakset", "Kivipaperisakset\Kivipaperisakset.csproj", "{2017FD1C-11F5-4DB3-9B7E-BA2CFB282272}"
EndProject
Global
	GlobalSection(SolutionConfigurationPlatforms) = preSolution
		Debug|Any CPU = Debug|Any CPU
		Release|Any CPU = Release|Any CPU
	EndGlobalSection
	GlobalSection(ProjectConfigurationPlatforms) = postSolution
		{2017FD1C-11F5-4DB3-9B7E-BA2CFB282272}.Debug|Any CPU.ActiveCfg = Debug|Any CPU
		{2017FD1C-11F5-4DB3-9B7E-BA2CFB282272}.Debug|Any CPU.Build.0 = Debug|Any CPU
		{2017FD1C-11F5-4DB3-9B7E-BA2CFB282272}.Release|Any CPU.ActiveCfg = Release|Any CPU
		{2017FD1C-11F5-4DB3-9B7E-BA2CFB282272}.Release|Any CPU.Build.0 = Release|Any CPU
	EndGlobalSection
	GlobalSection(SolutionProperties) = preSolution
		HideSolutionNode = FALSE
	EndGlobalSection
	GlobalSection(ExtensibilityGlobals) = postSolution
		SolutionGuid = {66CEB84A-5975-4993-BE30-E532A9E573A7}
	EndGlobalSection
EndGlobal
